
Microsoft Visual Studio Solution File, Format Version 12.00
# Visual Studio Version 17
VisualStudioVersion = 17.11.35312.102
MinimumVisualStudioVersion = 10.0.40219.1
Project("{FAE04EC0-301F-11D3-BF4B-00C04F79EFBC}") = "Formulario_Cadastro_Professores", "Formulario_Cadastro_Professores\Formulario_Cadastro_Professores.csproj", "{C29887BA-2D8E-414C-8F50-2CE9D537BCCD}"
EndProject
Global
	GlobalSection(SolutionConfigurationPlatforms) = preSolution
		Debug|Any CPU = Debug|Any CPU
		Release|Any CPU = Release|Any CPU
	EndGlobalSection
	GlobalSection(ProjectConfigurationPlatforms) = postSolution
		{C29887BA-2D8E-414C-8F50-2CE9D537BCCD}.Debug|Any CPU.ActiveCfg = Debug|Any CPU
		{C29887BA-2D8E-414C-8F50-2CE9D537BCCD}.Debug|Any CPU.Build.0 = Debug|Any CPU
		{C29887BA-2D8E-414C-8F50-2CE9D537BCCD}.Release|Any CPU.ActiveCfg = Release|Any CPU
		{C29887BA-2D8E-414C-8F50-2CE9D537BCCD}.Release|Any CPU.Build.0 = Release|Any CPU
	EndGlobalSection
	GlobalSection(SolutionProperties) = preSolution
		HideSolutionNode = FALSE
	EndGlobalSection
	GlobalSection(ExtensibilityGlobals) = postSolution
		SolutionGuid = {7FDB3933-ADD2-4520-AA4D-FBE40BA533BA}
	EndGlobalSection
EndGlobal
